
Microsoft Visual Studio Solution File, Format Version 12.00
# Visual Studio Version 17
VisualStudioVersion = 17.3.32901.215
MinimumVisualStudioVersion = 10.0.40219.1
Project("{FAE04EC0-301F-11D3-BF4B-00C04F79EFBC}") = "TicTacToe1", "TicTacToe1\TicTacToe1.csproj", "{D56DBF10-DCD6-431F-8EFB-BD0C2BD8125B}"
EndProject
Global
	GlobalSection(SolutionConfigurationPlatforms) = preSolution
		Debug|Any CPU = Debug|Any CPU
		Release|Any CPU = Release|Any CPU
	EndGlobalSection
	GlobalSection(ProjectConfigurationPlatforms) = postSolution
		{D56DBF10-DCD6-431F-8EFB-BD0C2BD8125B}.Debug|Any CPU.ActiveCfg = Debug|Any CPU
		{D56DBF10-DCD6-431F-8EFB-BD0C2BD8125B}.Debug|Any CPU.Build.0 = Debug|Any CPU
		{D56DBF10-DCD6-431F-8EFB-BD0C2BD8125B}.Release|Any CPU.ActiveCfg = Release|Any CPU
		{D56DBF10-DCD6-431F-8EFB-BD0C2BD8125B}.Release|Any CPU.Build.0 = Release|Any CPU
	EndGlobalSection
	GlobalSection(SolutionProperties) = preSolution
		HideSolutionNode = FALSE
	EndGlobalSection
	GlobalSection(ExtensibilityGlobals) = postSolution
		SolutionGuid = {C22AE6B2-2E6B-470B-910F-9BA30E3E3ABD}
	EndGlobalSection
EndGlobal
